lockfileVersion: '9.0'

settings:
  autoInstallPeers: true
  excludeLinksFromLockfile: false

importers:

  .:
    dependencies:
      '@types/imap':
        specifier: ^0.8.40
        version: 0.8.40
      imap:
        specifier: ^0.8.19
        version: 0.8.19
      nodemailer:
        specifier: ^6.9.15
        version: 6.9.15
    devDependencies:
      '@types/mailparser':
        specifier: ^3.4.4
        version: 3.4.4
      '@types/mailparser-mit':
        specifier: ^1.0.4
        version: 1.0.4
      '@types/nodemailer':
        specifier: ^6.4.16
        version: 6.4.16
      mailparser-mit:
        specifier: ^1.0.0
        version: 1.0.0
      ts-node:
        specifier: ^10.9.2
        version: 10.9.2(@types/node@22.5.5)(typescript@5.6.2)
      typescript:
        specifier: ^5.6.2
        version: 5.6.2

packages:

  '@cspotcode/source-map-support@0.8.1':
    resolution: {integrity: sha512-IchNf6dN4tHoMFIn/7OE8LWZ19Y6q/67Bmf6vnGREv8RSbBVb9LPJxEcnwrcwX6ixSvaiGoomAUvu4YSxXrVgw==}
    engines: {node: '>=12'}

  '@jridgewell/resolve-uri@3.1.2':
    resolution: {integrity: sha512-bRISgCIjP20/tbWSPWMEi54QVPRZExkuD9lJL+UIxUKtwVJA8wW1Trb1jMs1RFXo1CBTNZ/5hpC9QvmKWdopKw==}
    engines: {node: '>=6.0.0'}

  '@jridgewell/sourcemap-codec@1.5.0':
    resolution: {integrity: sha512-gv3ZRaISU3fjPAgNsriBRqGWQL6quFx04YMPW/zD8XMLsU32mhCCbfbO6KZFLjvYpCZ8zyDEgqsgf+PwPaM7GQ==}

  '@jridgewell/trace-mapping@0.3.9':
    resolution: {integrity: sha512-3Belt6tdc8bPgAtbcmdtNJlirVoTmEb5e2gC94PnkwEW9jI6CAHUeoG85tjWP5WquqfavoMtMwiG4P926ZKKuQ==}

  '@tsconfig/node10@1.0.11':
    resolution: {integrity: sha512-DcRjDCujK/kCk/cUe8Xz8ZSpm8mS3mNNpta+jGCA6USEDfktlNvm1+IuZ9eTcDbNk41BHwpHHeW+N1lKCz4zOw==}

  '@tsconfig/node12@1.0.11':
    resolution: {integrity: sha512-cqefuRsh12pWyGsIoBKJA9luFu3mRxCA+ORZvA4ktLSzIuCUtWVxGIuXigEwO5/ywWFMZ2QEGKWvkZG1zDMTag==}

  '@tsconfig/node14@1.0.3':
    resolution: {integrity: sha512-ysT8mhdixWK6Hw3i1V2AeRqZ5WfXg1G43mqoYlM2nc6388Fq5jcXyr5mRsqViLx/GJYdoL0bfXD8nmF+Zn/Iow==}

  '@tsconfig/node16@1.0.4':
    resolution: {integrity: sha512-vxhUy4J8lyeyinH7Azl1pdd43GJhZH/tP2weN8TntQblOY+A0XbT8DJk1/oCPuOOyg/Ja757rG0CgHcWC8OfMA==}

  '@types/imap@0.8.40':
    resolution: {integrity: sha512-kWFwOc88CGwWZlHqCnZiceS6EralsAHdjpQyk1+fIA875NQdIHvLpdD5NU3Pi1yZ8FKFdOF81UDNAo8/XS6HiQ==}

  '@types/mailparser-mit@1.0.4':
    resolution: {integrity: sha512-GHUv7UfLSr9XXOmzuGX7Bp7AmnJeQT60OL/0k/4T39GmzcijDpTQVlwI0XMCjj0BJMRU1WJ8JcXSHCZDVWipvg==}

  '@types/mailparser@3.4.4':
    resolution: {integrity: sha512-C6Znp2QVS25JqtuPyxj38Qh+QoFcLycdxsvcc6IZCGekhaMBzbdTXzwGzhGoYb3TfKu8IRCNV0sV1o3Od97cEQ==}

  '@types/node@22.5.5':
    resolution: {integrity: sha512-Xjs4y5UPO/CLdzpgR6GirZJx36yScjh73+2NlLlkFRSoQN8B0DpfXPdZGnvVmLRLOsqDpOfTNv7D9trgGhmOIA==}

  '@types/nodemailer@6.4.16':
    resolution: {integrity: sha512-uz6hN6Pp0upXMcilM61CoKyjT7sskBoOWpptkjjJp8jIMlTdc3xG01U7proKkXzruMS4hS0zqtHNkNPFB20rKQ==}

  acorn-walk@8.3.4:
    resolution: {integrity: sha512-ueEepnujpqee2o5aIYnvHU6C0A42MNdsIDeqy5BydrkuC5R1ZuUFnm27EeFJGoEHJQgn3uleRvmTXaJgfXbt4g==}
    engines: {node: '>=0.4.0'}

  acorn@8.12.1:
    resolution: {integrity: sha512-tcpGyI9zbizT9JbV6oYE477V6mTlXvvi0T0G3SNIYE2apm/G5huBa1+K89VGeovbg+jycCrfhl3ADxErOuO6Jg==}
    engines: {node: '>=0.4.0'}
    hasBin: true

  addressparser@1.0.1:
    resolution: {integrity: sha512-aQX7AISOMM7HFE0iZ3+YnD07oIeJqWGVnJ+ZIKaBZAk03ftmVYVqsGas/rbXKR21n4D/hKCSHypvcyOkds/xzg==}

  arg@4.1.3:
    resolution: {integrity: sha512-58S9QDqG0Xx27YwPSt9fJxivjYl432YCwfDMfZ+71RAqUrZef7LrKQZ3LHLOwCS4FLNBplP533Zx895SeOCHvA==}

  core-util-is@1.0.3:
    resolution: {integrity: sha512-ZQBvi1DcpJ4GDqanjucZ2Hj3wEO5pZDS89BWbkcrvdxksJorwUDDZamX9ldFkp9aw2lmBDLgkObEA4DWNJ9FYQ==}

  create-require@1.1.1:
    resolution: {integrity: sha512-dcKFX3jn0MpIaXjisoRvexIJVEKzaq7z2rZKxf+MSr9TkdmHmsU4m2lcLojrj/FHl8mk5VxMmYA+ftRkP/3oKQ==}

  diff@4.0.2:
    resolution: {integrity: sha512-58lmxKSA4BNyLz+HHMUzlOEpg09FV+ev6ZMe3vJihgdxzgcwZ8VoEEPmALCZG9LmqfVoNMMKpttIYTVG6uDY7A==}
    engines: {node: '>=0.3.1'}

  escape-string-regexp@1.0.5:
    resolution: {integrity: sha512-vbRorB5FUQWvla16U8R/qgaFIya2qGzwDrNmCZuYKrbdSUMG6I1ZCGQRefkRVhuOkIGVne7BQ35DSfo1qvJqFg==}
    engines: {node: '>=0.8.0'}

  extend@3.0.2:
    resolution: {integrity: sha512-fjquC59cD7CyW6urNXK0FBufkZcoiGG80wTuPujX590cB5Ttln20E2UB4S/WARVqhXffZl2LNgS+gQdPIIim/g==}

  iconv-lite@0.4.24:
    resolution: {integrity: sha512-v3MXnZAcvnywkTUEZomIActle7RXXeedOR31wwl7VlyoXO4Qi9arvSenNQWne1TcRwhCL1HwLI21bEqdpj8/rA==}
    engines: {node: '>=0.10.0'}

  iconv-lite@0.6.3:
    resolution: {integrity: sha512-4fCk79wshMdzMp2rH06qWrJE4iolqLhCUH+OiuIgU++RB0+94NlDL81atO7GX55uUKueo0txHNtvEyI6D7WdMw==}
    engines: {node: '>=0.10.0'}

  imap@0.8.19:
    resolution: {integrity: sha512-z5DxEA1uRnZG73UcPA4ES5NSCGnPuuouUx43OPX7KZx1yzq3N8/vx2mtXEShT5inxB3pRgnfG1hijfu7XN2YMw==}
    engines: {node: '>=0.8.0'}

  inherits@2.0.4:
    resolution: {integrity: sha512-k/vGaX4/Yla3WzyMCvTQOXYeIHvqOKtnqBduzTHpzpQZzAskKMhZ2K+EnBiSM9zGSoIFeMpXKxa4dYeZIQqewQ==}

  isarray@0.0.1:
    resolution: {integrity: sha512-D2S+3GLxWH+uhrNEcoh/fnmYeP8E8/zHl644d/jdA0g2uyXvy3sb0qxotE+ne0LtccHknQzWwZEzhak7oJ0COQ==}

  mailparser-mit@1.0.0:
    resolution: {integrity: sha512-sckRITNb3VCT1sQ275g47MAN786pQ5lU20bLY5f794dF/ARGzuVATQ64gO13FOw8jayjFT10e5ttsripKGGXcw==}

  make-error@1.3.6:
    resolution: {integrity: sha512-s8UhlNe7vPKomQhC1qFelMokr/Sc3AgNbso3n74mVPA5LTZwkB9NlXf4XPamLxJE8h0gh73rM94xvwRT2CVInw==}

  mime@1.6.0:
    resolution: {integrity: sha512-x0Vn8spI+wuJ1O6S7gnbaQg8Pxh4NNHb7KSINmEWKiPE4RKOplvijn+NkmYmmRgP68mc70j2EbeTFRsrswaQeg==}
    engines: {node: '>=4'}
    hasBin: true

  nodemailer@6.9.15:
    resolution: {integrity: sha512-AHf04ySLC6CIfuRtRiEYtGEXgRfa6INgWGluDhnxTZhHSKvrBu7lc1VVchQ0d8nPc4cFaZoPq8vkyNoZr0TpGQ==}
    engines: {node: '>=6.0.0'}

  readable-stream@1.1.14:
    resolution: {integrity: sha512-+MeVjFf4L44XUkhM1eYbD8fyEsxcV81pqMSR5gblfcLCHfZvbrqy4/qYHE+/R5HoBUT11WV5O08Cr1n3YXkWVQ==}

  safer-buffer@2.1.2:
    resolution: {integrity: sha512-YZo3K82SD7Riyi0E1EQPojLz7kpepnSQI9IyPbHHg1XXXevb5dJI7tpyN2ADxGcQbHG7vcyRHk0cbwqcQriUtg==}

  semver@5.3.0:
    resolution: {integrity: sha512-mfmm3/H9+67MCVix1h+IXTpDwL6710LyHuk7+cWC9T1mE0qz4iHhh6r4hU2wrIT9iTsAAC2XQRvfblL028cpLw==}
    hasBin: true

  string_decoder@0.10.31:
    resolution: {integrity: sha512-ev2QzSzWPYmy9GuqfIVildA4OdcGLeFZQrq5ys6RtiuF+RQQiZWr8TZNyAcuVXyQRYfEO+MsoB/1BuQVhOJuoQ==}

  ts-node@10.9.2:
    resolution: {integrity: sha512-f0FFpIdcHgn8zcPSbf1dRevwt047YMnaiJM3u2w2RewrB+fob/zePZcrOyQoLMMO7aBIddLcQIEK5dYjkLnGrQ==}
    hasBin: true
    peerDependencies:
      '@swc/core': '>=1.2.50'
      '@swc/wasm': '>=1.2.50'
      '@types/node': '*'
      typescript: '>=2.7'
    peerDependenciesMeta:
      '@swc/core':
        optional: true
      '@swc/wasm':
        optional: true

  typescript@5.6.2:
    resolution: {integrity: sha512-NW8ByodCSNCwZeghjN3o+JX5OFH0Ojg6sadjEKY4huZ52TqbJTJnDo5+Tw98lSy63NZvi4n+ez5m2u5d4PkZyw==}
    engines: {node: '>=14.17'}
    hasBin: true

  undici-types@6.19.8:
    resolution: {integrity: sha512-ve2KP6f/JnbPBFyobGHuerC9g1FYGn/F8n1LWTwNxCEzd6IfqTwUQcNXgEtmmQ6DlRrC1hrSrBnCZPokRrDHjw==}

  utf7@1.0.2:
    resolution: {integrity: sha512-qQrPtYLLLl12NF4DrM9CvfkxkYI97xOb5dsnGZHE3teFr0tWiEZ9UdgMPczv24vl708cYMpe6mGXGHrotIp3Bw==}

  uue@3.1.2:
    resolution: {integrity: sha512-axKLXVqwtdI/czrjG0X8hyV1KLgeWx8F4KvSbvVCnS+RUvsQMGRjx0kfuZDXXqj0LYvVJmx3B9kWlKtEdRrJLg==}

  v8-compile-cache-lib@3.0.1:
    resolution: {integrity: sha512-wa7YjyUGfNZngI/vtK0UHAN+lgDCxBPCylVXGp0zu59Fz5aiGtNXaq3DhIov063MorB+VfufLh3JlF2KdTK3xg==}

  yn@3.1.1:
    resolution: {integrity: sha512-Ux4ygGWsu2c7isFWe8Yu1YluJmqVhxqK2cLXNQA5AcC3QfbGNpM7fu0Y8b/z16pXLnFxZYvWhd3fhBY9DLmC6Q==}
    engines: {node: '>=6'}

snapshots:

  '@cspotcode/source-map-support@0.8.1':
    dependencies:
      '@jridgewell/trace-mapping': 0.3.9

  '@jridgewell/resolve-uri@3.1.2': {}

  '@jridgewell/sourcemap-codec@1.5.0': {}

  '@jridgewell/trace-mapping@0.3.9':
    dependencies:
      '@jridgewell/resolve-uri': 3.1.2
      '@jridgewell/sourcemap-codec': 1.5.0

  '@tsconfig/node10@1.0.11': {}

  '@tsconfig/node12@1.0.11': {}

  '@tsconfig/node14@1.0.3': {}

  '@tsconfig/node16@1.0.4': {}

  '@types/imap@0.8.40':
    dependencies:
      '@types/node': 22.5.5

  '@types/mailparser-mit@1.0.4':
    dependencies:
      '@types/node': 22.5.5

  '@types/mailparser@3.4.4':
    dependencies:
      '@types/node': 22.5.5
      iconv-lite: 0.6.3

  '@types/node@22.5.5':
    dependencies:
      undici-types: 6.19.8

  '@types/nodemailer@6.4.16':
    dependencies:
      '@types/node': 22.5.5

  acorn-walk@8.3.4:
    dependencies:
      acorn: 8.12.1

  acorn@8.12.1: {}

  addressparser@1.0.1: {}

  arg@4.1.3: {}

  core-util-is@1.0.3: {}

  create-require@1.1.1: {}

  diff@4.0.2: {}

  escape-string-regexp@1.0.5: {}

  extend@3.0.2: {}

  iconv-lite@0.4.24:
    dependencies:
      safer-buffer: 2.1.2

  iconv-lite@0.6.3:
    dependencies:
      safer-buffer: 2.1.2

  imap@0.8.19:
    dependencies:
      readable-stream: 1.1.14
      utf7: 1.0.2

  inherits@2.0.4: {}

  isarray@0.0.1: {}

  mailparser-mit@1.0.0:
    dependencies:
      addressparser: 1.0.1
      iconv-lite: 0.4.24
      mime: 1.6.0
      uue: 3.1.2

  make-error@1.3.6: {}

  mime@1.6.0: {}

  nodemailer@6.9.15: {}

  readable-stream@1.1.14:
    dependencies:
      core-util-is: 1.0.3
      inherits: 2.0.4
      isarray: 0.0.1
      string_decoder: 0.10.31

  safer-buffer@2.1.2: {}

  semver@5.3.0: {}

  string_decoder@0.10.31: {}

  ts-node@10.9.2(@types/node@22.5.5)(typescript@5.6.2):
    dependencies:
      '@cspotcode/source-map-support': 0.8.1
      '@tsconfig/node10': 1.0.11
      '@tsconfig/node12': 1.0.11
      '@tsconfig/node14': 1.0.3
      '@tsconfig/node16': 1.0.4
      '@types/node': 22.5.5
      acorn: 8.12.1
      acorn-walk: 8.3.4
      arg: 4.1.3
      create-require: 1.1.1
      diff: 4.0.2
      make-error: 1.3.6
      typescript: 5.6.2
      v8-compile-cache-lib: 3.0.1
      yn: 3.1.1

  typescript@5.6.2: {}

  undici-types@6.19.8: {}

  utf7@1.0.2:
    dependencies:
      semver: 5.3.0

  uue@3.1.2:
    dependencies:
      escape-string-regexp: 1.0.5
      extend: 3.0.2

  v8-compile-cache-lib@3.0.1: {}

  yn@3.1.1: {}
